
Microsoft Visual Studio Solution File, Format Version 12.00
# Visual Studio Version 17
VisualStudioVersion = 17.1.32210.238
MinimumVisualStudioVersion = 10.0.40219.1
Project("{FAE04EC0-301F-11D3-BF4B-00C04F79EFBC}") = "SmartCar", "SmartCar\SmartCar.csproj", "{C2D20592-4A92-4D5E-A6DA-42F30C0580D2}"
EndProject
Global
	GlobalSection(SolutionConfigurationPlatforms) = preSolution
		Debug|Any CPU = Debug|Any CPU
		Release|Any CPU = Release|Any CPU
	EndGlobalSection
	GlobalSection(ProjectConfigurationPlatforms) = postSolution
		{C2D20592-4A92-4D5E-A6DA-42F30C0580D2}.Debug|Any CPU.ActiveCfg = Debug|Any CPU
		{C2D20592-4A92-4D5E-A6DA-42F30C0580D2}.Debug|Any CPU.Build.0 = Debug|Any CPU
		{C2D20592-4A92-4D5E-A6DA-42F30C0580D2}.Release|Any CPU.ActiveCfg = Release|Any CPU
		{C2D20592-4A92-4D5E-A6DA-42F30C0580D2}.Release|Any CPU.Build.0 = Release|Any CPU
	EndGlobalSection
	GlobalSection(SolutionProperties) = preSolution
		HideSolutionNode = FALSE
	EndGlobalSection
	GlobalSection(ExtensibilityGlobals) = postSolution
		SolutionGuid = {C107B16E-FC4B-4353-A886-2D1E103F1907}
	EndGlobalSection
EndGlobal
